
Microsoft Visual Studio Solution File, Format Version 12.00
# Visual Studio Version 16
VisualStudioVersion = 16.0.30517.126
MinimumVisualStudioVersion = 10.0.40219.1
Project("{FAE04EC0-301F-11D3-BF4B-00C04F79EFBC}") = "job 3 repley", "job 3 repley\job 3 repley.csproj", "{1957AB13-0C7E-4E60-B8ED-05AEC5B125F8}"
EndProject
Global
	GlobalSection(SolutionConfigurationPlatforms) = preSolution
		Debug|Any CPU = Debug|Any CPU
		Release|Any CPU = Release|Any CPU
	EndGlobalSection
	GlobalSection(ProjectConfigurationPlatforms) = postSolution
		{1957AB13-0C7E-4E60-B8ED-05AEC5B125F8}.Debug|Any CPU.ActiveCfg = Debug|Any CPU
		{1957AB13-0C7E-4E60-B8ED-05AEC5B125F8}.Debug|Any CPU.Build.0 = Debug|Any CPU
		{1957AB13-0C7E-4E60-B8ED-05AEC5B125F8}.Release|Any CPU.ActiveCfg = Release|Any CPU
		{1957AB13-0C7E-4E60-B8ED-05AEC5B125F8}.Release|Any CPU.Build.0 = Release|Any CPU
	EndGlobalSection
	GlobalSection(SolutionProperties) = preSolution
		HideSolutionNode = FALSE
	EndGlobalSection
	GlobalSection(ExtensibilityGlobals) = postSolution
		SolutionGuid = {048694C9-BC72-41B1-A8F4-BA478CE3C432}
	EndGlobalSection
EndGlobal
